
Microsoft Visual Studio Solution File, Format Version 12.00
# Visual Studio Version 17
VisualStudioVersion = 17.5.33530.505
MinimumVisualStudioVersion = 10.0.40219.1
Project("{FAE04EC0-301F-11D3-BF4B-00C04F79EFBC}") = "AcmeCorp", "AcmeCorp\AcmeCorp.csproj", "{EF069BE3-D977-4A84-997C-F58B58E7ECB0}"
EndProject
Project("{FAE04EC0-301F-11D3-BF4B-00C04F79EFBC}") = "AcmeCorpTests", "AcmeCorpTests\AcmeCorpTests.csproj", "{A3A5F91B-D3DD-4218-A8D1-8C83FF28B487}"
EndProject
Global
	GlobalSection(SolutionConfigurationPlatforms) = preSolution
		Debug|Any CPU = Debug|Any CPU
		Release|Any CPU = Release|Any CPU
	EndGlobalSection
	GlobalSection(ProjectConfigurationPlatforms) = postSolution
		{EF069BE3-D977-4A84-997C-F58B58E7ECB0}.Debug|Any CPU.ActiveCfg = Debug|Any CPU
		{EF069BE3-D977-4A84-997C-F58B58E7ECB0}.Debug|Any CPU.Build.0 = Debug|Any CPU
		{EF069BE3-D977-4A84-997C-F58B58E7ECB0}.Release|Any CPU.ActiveCfg = Release|Any CPU
		{EF069BE3-D977-4A84-997C-F58B58E7ECB0}.Release|Any CPU.Build.0 = Release|Any CPU
		{A3A5F91B-D3DD-4218-A8D1-8C83FF28B487}.Debug|Any CPU.ActiveCfg = Debug|Any CPU
		{A3A5F91B-D3DD-4218-A8D1-8C83FF28B487}.Debug|Any CPU.Build.0 = Debug|Any CPU
		{A3A5F91B-D3DD-4218-A8D1-8C83FF28B487}.Release|Any CPU.ActiveCfg = Release|Any CPU
		{A3A5F91B-D3DD-4218-A8D1-8C83FF28B487}.Release|Any CPU.Build.0 = Release|Any CPU
	EndGlobalSection
	GlobalSection(SolutionProperties) = preSolution
		HideSolutionNode = FALSE
	EndGlobalSection
	GlobalSection(ExtensibilityGlobals) = postSolution
		SolutionGuid = {D5973D79-662C-41EC-AC14-3E3DE23E924D}
	EndGlobalSection
EndGlobal
